
Microsoft Visual Studio Solution File, Format Version 12.00
# Visual Studio 15
VisualStudioVersion = 15.0.28010.2026
MinimumVisualStudioVersion = 10.0.40219.1
Project("{FAE04EC0-301F-11D3-BF4B-00C04F79EFBC}") = "DirEnumSrv", "DirEnumSrv\DirEnumSrv.csproj", "{141F9017-6882-48D9-8BFD-613A358E03E7}"
EndProject
Global
	GlobalSection(SolutionConfigurationPlatforms) = preSolution
		Debug|Any CPU = Debug|Any CPU
		Release|Any CPU = Release|Any CPU
	EndGlobalSection
	GlobalSection(ProjectConfigurationPlatforms) = postSolution
		{141F9017-6882-48D9-8BFD-613A358E03E7}.Debug|Any CPU.ActiveCfg = Debug|Any CPU
		{141F9017-6882-48D9-8BFD-613A358E03E7}.Debug|Any CPU.Build.0 = Debug|Any CPU
		{141F9017-6882-48D9-8BFD-613A358E03E7}.Release|Any CPU.ActiveCfg = Release|Any CPU
		{141F9017-6882-48D9-8BFD-613A358E03E7}.Release|Any CPU.Build.0 = Release|Any CPU
	EndGlobalSection
	GlobalSection(SolutionProperties) = preSolution
		HideSolutionNode = FALSE
	EndGlobalSection
	GlobalSection(ExtensibilityGlobals) = postSolution
		SolutionGuid = {21F44464-2BEE-4694-AA75-3276F0884C54}
	EndGlobalSection
EndGlobal
